
Microsoft Visual Studio Solution File, Format Version 12.00
# Visual Studio 15
VisualStudioVersion = 15.0.28010.2036
MinimumVisualStudioVersion = 10.0.40219.1
Project("{9A19103F-16F7-4668-BE54-9A1E7A4F7556}") = "BaseSiteWebApp", "BaseSiteWebApp\BaseSiteWebApp.csproj", "{DC499216-5D3C-430C-A51C-3D6012E3D232}"
EndProject
Project("{9A19103F-16F7-4668-BE54-9A1E7A4F7556}") = "XUnitTestProject", "XUnitTestProject\XUnitTestProject.csproj", "{B1D6DC1B-599D-4835-AE3E-0FBC4F7B52AF}"
EndProject
Project("{9A19103F-16F7-4668-BE54-9A1E7A4F7556}") = "SampleConsoleClient", "SampleConsoleClient\SampleConsoleClient.csproj", "{B6F6B22B-0398-4288-BEB6-EDCDB4171A2C}"
EndProject
Project("{2150E333-8FDC-42A3-9474-1A3956D46DE8}") = "docker", "docker", "{1DCB1CA1-27A1-4C26-887C-251E86CB7E37}"
	ProjectSection(SolutionItems) = preProject
		docker-compose.readme.txt = docker-compose.readme.txt
		docker-compose.yml = docker-compose.yml
	EndProjectSection
EndProject
Global
	GlobalSection(SolutionConfigurationPlatforms) = preSolution
		Debug|Any CPU = Debug|Any CPU
		Release|Any CPU = Release|Any CPU
	EndGlobalSection
	GlobalSection(ProjectConfigurationPlatforms) = postSolution
		{DC499216-5D3C-430C-A51C-3D6012E3D232}.Debug|Any CPU.ActiveCfg = Debug|Any CPU
		{DC499216-5D3C-430C-A51C-3D6012E3D232}.Debug|Any CPU.Build.0 = Debug|Any CPU
		{DC499216-5D3C-430C-A51C-3D6012E3D232}.Release|Any CPU.ActiveCfg = Release|Any CPU
		{DC499216-5D3C-430C-A51C-3D6012E3D232}.Release|Any CPU.Build.0 = Release|Any CPU
		{B1D6DC1B-599D-4835-AE3E-0FBC4F7B52AF}.Debug|Any CPU.ActiveCfg = Debug|Any CPU
		{B1D6DC1B-599D-4835-AE3E-0FBC4F7B52AF}.Debug|Any CPU.Build.0 = Debug|Any CPU
		{B1D6DC1B-599D-4835-AE3E-0FBC4F7B52AF}.Release|Any CPU.ActiveCfg = Release|Any CPU
		{B1D6DC1B-599D-4835-AE3E-0FBC4F7B52AF}.Release|Any CPU.Build.0 = Release|Any CPU
		{B6F6B22B-0398-4288-BEB6-EDCDB4171A2C}.Debug|Any CPU.ActiveCfg = Debug|Any CPU
		{B6F6B22B-0398-4288-BEB6-EDCDB4171A2C}.Debug|Any CPU.Build.0 = Debug|Any CPU
		{B6F6B22B-0398-4288-BEB6-EDCDB4171A2C}.Release|Any CPU.ActiveCfg = Release|Any CPU
		{B6F6B22B-0398-4288-BEB6-EDCDB4171A2C}.Release|Any CPU.Build.0 = Release|Any CPU
	EndGlobalSection
	GlobalSection(SolutionProperties) = preSolution
		HideSolutionNode = FALSE
	EndGlobalSection
	GlobalSection(ExtensibilityGlobals) = postSolution
		SolutionGuid = {8CFCBD97-73AE-474A-BE52-032E28AAC978}
	EndGlobalSection
EndGlobal
